
Microsoft Visual Studio Solution File, Format Version 12.00
# Visual Studio Version 17
VisualStudioVersion = 17.5.33530.505
MinimumVisualStudioVersion = 10.0.40219.1
Project("{9A19103F-16F7-4668-BE54-9A1E7A4F7556}") = "BubbleSort", "BubbleSort.csproj", "{F8514A01-62C4-41C5-BCFD-124C56406F27}"
EndProject
Project("{2150E333-8FDC-42A3-9474-1A3956D46DE8}") = "Algo", "Algo", "{5482A704-AF3B-4EEE-BE98-1BE0F87AF716}"
EndProject
Project("{9A19103F-16F7-4668-BE54-9A1E7A4F7556}") = "InsertionSort", "..\ConsoleApp2\InsertionSort.csproj", "{2134F7DC-ACF1-477B-B6D3-ADD3F642489E}"
EndProject
Project("{9A19103F-16F7-4668-BE54-9A1E7A4F7556}") = "SelectionSort", "..\SelectionSort\SelectionSort.csproj", "{CC531EB8-168A-4168-9AD7-C74001856172}"
EndProject
Project("{9A19103F-16F7-4668-BE54-9A1E7A4F7556}") = "QuickSort", "..\QuickSort\QuickSort.csproj", "{FA767D85-4347-4E0C-A8C6-438F9837D27C}"
EndProject
Project("{FAE04EC0-301F-11D3-BF4B-00C04F79EFBC}") = "MergeSort", "..\MergeSort\MergeSort.csproj", "{752536DF-BBE7-46A1-8917-C7EBB74446E4}"
EndProject
Project("{FAE04EC0-301F-11D3-BF4B-00C04F79EFBC}") = "LinearSearch", "..\LinearSearch\LinearSearch.csproj", "{B2FA337A-6198-41A6-B866-AA0CE7F4454A}"
EndProject
Project("{FAE04EC0-301F-11D3-BF4B-00C04F79EFBC}") = "BinarySeacrh", "..\BinarySeacrh\BinarySeacrh.csproj", "{38A19C0C-123F-4086-9A43-C1A75BB25D50}"
EndProject
Project("{FAE04EC0-301F-11D3-BF4B-00C04F79EFBC}") = "Breadth-First Search", "..\Breadth-First Search\Breadth-First Search.csproj", "{FF284F2D-50DA-4F0E-B994-EB1703AE22AE}"
EndProject
Project("{FAE04EC0-301F-11D3-BF4B-00C04F79EFBC}") = "Depth-First Search", "..\Depth-First Search\Depth-First Search.csproj", "{F15C0961-CADE-4654-A0CC-3F0C6EC9B9FC}"
EndProject
Project("{FAE04EC0-301F-11D3-BF4B-00C04F79EFBC}") = "Fibonacci Sequence", "..\Fibonacci Sequence\Fibonacci Sequence.csproj", "{0CE71266-CB7F-4680-9922-A134AA3BBF9B}"
EndProject
Global
	GlobalSection(SolutionConfigurationPlatforms) = preSolution
		Debug|Any CPU = Debug|Any CPU
		Release|Any CPU = Release|Any CPU
	EndGlobalSection
	GlobalSection(ProjectConfigurationPlatforms) = postSolution
		{F8514A01-62C4-41C5-BCFD-124C56406F27}.Debug|Any CPU.ActiveCfg = Debug|Any CPU
		{F8514A01-62C4-41C5-BCFD-124C56406F27}.Debug|Any CPU.Build.0 = Debug|Any CPU
		{F8514A01-62C4-41C5-BCFD-124C56406F27}.Release|Any CPU.ActiveCfg = Release|Any CPU
		{F8514A01-62C4-41C5-BCFD-124C56406F27}.Release|Any CPU.Build.0 = Release|Any CPU
		{2134F7DC-ACF1-477B-B6D3-ADD3F642489E}.Debug|Any CPU.ActiveCfg = Debug|Any CPU
		{2134F7DC-ACF1-477B-B6D3-ADD3F642489E}.Debug|Any CPU.Build.0 = Debug|Any CPU
		{2134F7DC-ACF1-477B-B6D3-ADD3F642489E}.Release|Any CPU.ActiveCfg = Release|Any CPU
		{2134F7DC-ACF1-477B-B6D3-ADD3F642489E}.Release|Any CPU.Build.0 = Release|Any CPU
		{CC531EB8-168A-4168-9AD7-C74001856172}.Debug|Any CPU.ActiveCfg = Debug|Any CPU
		{CC531EB8-168A-4168-9AD7-C74001856172}.Debug|Any CPU.Build.0 = Debug|Any CPU
		{CC531EB8-168A-4168-9AD7-C74001856172}.Release|Any CPU.ActiveCfg = Release|Any CPU
		{CC531EB8-168A-4168-9AD7-C74001856172}.Release|Any CPU.Build.0 = Release|Any CPU
		{FA767D85-4347-4E0C-A8C6-438F9837D27C}.Debug|Any CPU.ActiveCfg = Debug|Any CPU
		{FA767D85-4347-4E0C-A8C6-438F9837D27C}.Debug|Any CPU.Build.0 = Debug|Any CPU
		{FA767D85-4347-4E0C-A8C6-438F9837D27C}.Release|Any CPU.ActiveCfg = Release|Any CPU
		{FA767D85-4347-4E0C-A8C6-438F9837D27C}.Release|Any CPU.Build.0 = Release|Any CPU
		{752536DF-BBE7-46A1-8917-C7EBB74446E4}.Debug|Any CPU.ActiveCfg = Debug|Any CPU
		{752536DF-BBE7-46A1-8917-C7EBB74446E4}.Debug|Any CPU.Build.0 = Debug|Any CPU
		{752536DF-BBE7-46A1-8917-C7EBB74446E4}.Release|Any CPU.ActiveCfg = Release|Any CPU
		{752536DF-BBE7-46A1-8917-C7EBB74446E4}.Release|Any CPU.Build.0 = Release|Any CPU
		{B2FA337A-6198-41A6-B866-AA0CE7F4454A}.Debug|Any CPU.ActiveCfg = Debug|Any CPU
		{B2FA337A-6198-41A6-B866-AA0CE7F4454A}.Debug|Any CPU.Build.0 = Debug|Any CPU
		{B2FA337A-6198-41A6-B866-AA0CE7F4454A}.Release|Any CPU.ActiveCfg = Release|Any CPU
		{B2FA337A-6198-41A6-B866-AA0CE7F4454A}.Release|Any CPU.Build.0 = Release|Any CPU
		{38A19C0C-123F-4086-9A43-C1A75BB25D50}.Debug|Any CPU.ActiveCfg = Debug|Any CPU
		{38A19C0C-123F-4086-9A43-C1A75BB25D50}.Debug|Any CPU.Build.0 = Debug|Any CPU
		{38A19C0C-123F-4086-9A43-C1A75BB25D50}.Release|Any CPU.ActiveCfg = Release|Any CPU
		{38A19C0C-123F-4086-9A43-C1A75BB25D50}.Release|Any CPU.Build.0 = Release|Any CPU
		{FF284F2D-50DA-4F0E-B994-EB1703AE22AE}.Debug|Any CPU.ActiveCfg = Debug|Any CPU
		{FF284F2D-50DA-4F0E-B994-EB1703AE22AE}.Debug|Any CPU.Build.0 = Debug|Any CPU
		{FF284F2D-50DA-4F0E-B994-EB1703AE22AE}.Release|Any CPU.ActiveCfg = Release|Any CPU
		{FF284F2D-50DA-4F0E-B994-EB1703AE22AE}.Release|Any CPU.Build.0 = Release|Any CPU
		{F15C0961-CADE-4654-A0CC-3F0C6EC9B9FC}.Debug|Any CPU.ActiveCfg = Debug|Any CPU
		{F15C0961-CADE-4654-A0CC-3F0C6EC9B9FC}.Debug|Any CPU.Build.0 = Debug|Any CPU
		{F15C0961-CADE-4654-A0CC-3F0C6EC9B9FC}.Release|Any CPU.ActiveCfg = Release|Any CPU
		{F15C0961-CADE-4654-A0CC-3F0C6EC9B9FC}.Release|Any CPU.Build.0 = Release|Any CPU
		{0CE71266-CB7F-4680-9922-A134AA3BBF9B}.Debug|Any CPU.ActiveCfg = Debug|Any CPU
		{0CE71266-CB7F-4680-9922-A134AA3BBF9B}.Debug|Any CPU.Build.0 = Debug|Any CPU
		{0CE71266-CB7F-4680-9922-A134AA3BBF9B}.Release|Any CPU.ActiveCfg = Release|Any CPU
		{0CE71266-CB7F-4680-9922-A134AA3BBF9B}.Release|Any CPU.Build.0 = Release|Any CPU
	EndGlobalSection
	GlobalSection(SolutionProperties) = preSolution
		HideSolutionNode = FALSE
	EndGlobalSection
	GlobalSection(NestedProjects) = preSolution
		{F8514A01-62C4-41C5-BCFD-124C56406F27} = {5482A704-AF3B-4EEE-BE98-1BE0F87AF716}
		{2134F7DC-ACF1-477B-B6D3-ADD3F642489E} = {5482A704-AF3B-4EEE-BE98-1BE0F87AF716}
		{CC531EB8-168A-4168-9AD7-C74001856172} = {5482A704-AF3B-4EEE-BE98-1BE0F87AF716}
		{FA767D85-4347-4E0C-A8C6-438F9837D27C} = {5482A704-AF3B-4EEE-BE98-1BE0F87AF716}
		{752536DF-BBE7-46A1-8917-C7EBB74446E4} = {5482A704-AF3B-4EEE-BE98-1BE0F87AF716}
		{B2FA337A-6198-41A6-B866-AA0CE7F4454A} = {5482A704-AF3B-4EEE-BE98-1BE0F87AF716}
		{38A19C0C-123F-4086-9A43-C1A75BB25D50} = {5482A704-AF3B-4EEE-BE98-1BE0F87AF716}
		{FF284F2D-50DA-4F0E-B994-EB1703AE22AE} = {5482A704-AF3B-4EEE-BE98-1BE0F87AF716}
		{F15C0961-CADE-4654-A0CC-3F0C6EC9B9FC} = {5482A704-AF3B-4EEE-BE98-1BE0F87AF716}
		{0CE71266-CB7F-4680-9922-A134AA3BBF9B} = {5482A704-AF3B-4EEE-BE98-1BE0F87AF716}
	EndGlobalSection
	GlobalSection(ExtensibilityGlobals) = postSolution
		SolutionGuid = {7E21ACB1-AB1B-4F05-962C-21DBB1BF37E0}
	EndGlobalSection
EndGlobal
